
Microsoft Visual Studio Solution File, Format Version 12.00
# Visual Studio Version 16
VisualStudioVersion = 16.0.30804.86
MinimumVisualStudioVersion = 10.0.40219.1
Project("{FAE04EC0-301F-11D3-BF4B-00C04F79EFBC}") = "SteamControllerTest", "SteamControllerTest\SteamControllerTest.csproj", "{0A2F253D-EC2D-4EE3-B583-1B70CEFD3320}"
EndProject
Global
	GlobalSection(SolutionConfigurationPlatforms) = preSolution
		Debug|Any CPU = Debug|Any CPU
		Debug|x64 = Debug|x64
		Release|Any CPU = Release|Any CPU
		Release|x64 = Release|x64
	EndGlobalSection
	GlobalSection(ProjectConfigurationPlatforms) = postSolution
		{0A2F253D-EC2D-4EE3-B583-1B70CEFD3320}.Debug|Any CPU.ActiveCfg = Debug|Any CPU
		{0A2F253D-EC2D-4EE3-B583-1B70CEFD3320}.Debug|Any CPU.Build.0 = Debug|Any CPU
		{0A2F253D-EC2D-4EE3-B583-1B70CEFD3320}.Debug|x64.ActiveCfg = Debug|x64
		{0A2F253D-EC2D-4EE3-B583-1B70CEFD3320}.Debug|x64.Build.0 = Debug|x64
		{0A2F253D-EC2D-4EE3-B583-1B70CEFD3320}.Release|Any CPU.ActiveCfg = Release|Any CPU
		{0A2F253D-EC2D-4EE3-B583-1B70CEFD3320}.Release|Any CPU.Build.0 = Release|Any CPU
		{0A2F253D-EC2D-4EE3-B583-1B70CEFD3320}.Release|x64.ActiveCfg = Release|x64
		{0A2F253D-EC2D-4EE3-B583-1B70CEFD3320}.Release|x64.Build.0 = Release|x64
	EndGlobalSection
	GlobalSection(SolutionProperties) = preSolution
		HideSolutionNode = FALSE
	EndGlobalSection
	GlobalSection(ExtensibilityGlobals) = postSolution
		SolutionGuid = {32BCE569-7618-4059-B1B0-4BBCDDCD1F84}
	EndGlobalSection
EndGlobal
